// !$*UTF8*$!
{
	archiveVersion = 1;
	classes = {
	};
	objectVersion = 46;
	objects = {

/* Begin PBXBuildFile section */
		C33CB8871F2DAB5A00BB1920 /* main.m in Sources */ = {isa = PBXBuildFile; fileRef = C33CB8861F2DAB5A00BB1920 /* main.m */; };
		C33CB88A1F2DAB5A00BB1920 /* AppDelegate.m in Sources */ = {isa = PBXBuildFile; fileRef = C33CB8891F2DAB5A00BB1920 /* AppDelegate.m */; };
		C33CB88D1F2DAB5A00BB1920 /* ViewController.m in Sources */ = {isa = PBXBuildFile; fileRef = C33CB88C1F2DAB5A00BB1920 /* ViewController.m */; };
		C33CB8901F2DAB5A00BB1920 /* Main.storyboard in Resources */ = {isa = PBXBuildFile; fileRef = C33CB88E1F2DAB5A00BB1920 /* Main.storyboard */; };
		C33CB8921F2DAB5A00BB1920 /* Assets.xcassets in Resources */ = {isa = PBXBuildFile; fileRef = C33CB8911F2DAB5A00BB1920 /* Assets.xcassets */; };
		C33CB8951F2DAB5A00BB1920 /* LaunchScreen.storyboard in Resources */ = {isa = PBXBuildFile; fileRef = C33CB8931F2DAB5A00BB1920 /* LaunchScreen.storyboard */; };
		C33CB8A01F2DAB5A00BB1920 /* sample1Tests.m in Sources */ = {isa = PBXBuildFile; fileRef = C33CB89F1F2DAB5A00BB1920 /* sample1Tests.m */; };
		C33CB8AB1F2DAB5A00BB1920 /* sample1UITests.m in Sources */ = {isa = PBXBuildFile; fileRef = C33CB8AA1F2DAB5A00BB1920 /* sample1UITests.m */; };
/* End PBXBuildFile section */

/* Begin PBXContainerItemProxy section */
		C33CB89C1F2DAB5A00BB1920 /* PBXContainerItemProxy */ = {
			isa = PBXContainerItemProxy;
			containerPortal = C33CB87A1F2DAB5A00BB1920 /* Project object */;
			proxyType = 1;
			remoteGlobalIDString = C33CB8811F2DAB5A00BB1920;
			remoteInfo = sample1;
		};
		C33CB8A71F2DAB5A00BB1920 /* PBXContainerItemProxy */ = {
			isa = PBXContainerItemProxy;
			containerPortal = C33CB87A1F2DAB5A00BB1920 /* Project object */;
			proxyType = 1;
			remoteGlobalIDString = C33CB8811F2DAB5A00BB1920;
			remoteInfo = sample1;
		};
/* End PBXContainerItemProxy section */

/* Begin PBXFileReference section */
		C33CB8821F2DAB5A00BB1920 /* sample1.app */ = {isa = PBXFileReference; explicitFileType = wrapper.application; includeInIndex = 0; path = sample1.app; sourceTree = BUILT_PRODUCTS_DIR; };
		C33CB8861F2DAB5A00BB1920 /* main.m */ = {isa = PBXFileReference; lastKnownFileType = sourcecode.c.objc; path = main.m; sourceTree = "<group>"; };
		C33CB8881F2DAB5A00BB1920 /* AppDelegate.h */ = {isa = PBXFileReference; lastKnownFileType = sourcecode.c.h; path = AppDelegate.h; sourceTree = "<group>"; };
		C33CB8891F2DAB5A00BB1920 /* AppDelegate.m */ = {isa = PBXFileReference; lastKnownFileType = sourcecode.c.objc; path = AppDelegate.m; sourceTree = "<group>"; };
		C33CB88B1F2DAB5A00BB1920 /* ViewController.h */ = {isa = PBXFileReference; lastKnownFileType = sourcecode.c.h; path = ViewController.h; sourceTree = "<group>"; };
		C33CB88C1F2DAB5A00BB1920 /* ViewController.m */ = {isa = PBXFileReference; lastKnownFileType = sourcecode.c.objc; path = ViewController.m; sourceTree = "<group>"; };
		C33CB88F1F2DAB5A00BB1920 /* Base */ = {isa = PBXFileReference; lastKnownFileType = file.storyboard; name = Base; path = Base.lproj/Main.storyboard; sourceTree = "<group>"; };
		C33CB8911F2DAB5A00BB1920 /* Assets.xcassets */ = {isa = PBXFileReference; lastKnownFileType = folder.assetcatalog; path = Assets.xcassets; sourceTree = "<group>"; };
		C33CB8941F2DAB5A00BB1920 /* Base */ = {isa = PBXFileReference; lastKnownFileType = file.storyboard; name = Base; path = Base.lproj/LaunchScreen.storyboard; sourceTree = "<group>"; };
		C33CB8961F2DAB5A00BB1920 /* Info.plist */ = {isa = PBXFileReference; lastKnownFileType = text.plist.xml; path = Info.plist; sourceTree = "<group>"; };
		C33CB89B1F2DAB5A00BB1920 /* sample1Tests.xctest */ = {isa = PBXFileReference; explicitFileType = wrapper.cfbundle; includeInIndex = 0; path = sample1Tests.xctest; sourceTree = BUILT_PRODUCTS_DIR; };
		C33CB89F1F2DAB5A00BB1920 /* sample1Tests.m */ = {isa = PBXFileReference; lastKnownFileType = sourcecode.c.objc; path = sample1Tests.m; sourceTree = "<group>"; };
		C33CB8A11F2DAB5A00BB1920 /* Info.plist */ = {isa = PBXFileReference; lastKnownFileType = text.plist.xml; path = Info.plist; sourceTree = "<group>"; };
		C33CB8A61F2DAB5A00BB1920 /* sample1UITests.xctest */ = {isa = PBXFileReference; explicitFileType = wrapper.cfbundle; includeInIndex = 0; path = sample1UITests.xctest; sourceTree = BUILT_PRODUCTS_DIR; };
		C33CB8AA1F2DAB5A00BB1920 /* sample1UITests.m */ = {isa = PBXFileReference; lastKnownFileType = sourcecode.c.objc; path = sample1UITests.m; sourceTree = "<group>"; };
		C33CB8AC1F2DAB5A00BB1920 /* Info.plist */ = {isa = PBXFileReference; lastKnownFileType = text.plist.xml; path = Info.plist; sourceTree = "<group>"; };
/* End PBXFileReference section */

/* Begin PBXFrameworksBuildPhase section */
		C33CB87F1F2DAB5A00BB1920 /* Frameworks */ = {
			isa = PBXFrameworksBuildPhase;
			buildActionMask = 2147483647;
			files = (
			);
			runOnlyForDeploymentPostprocessing = 0;
		};
		C33CB8981F2DAB5A00BB1920 /* Frameworks */ = {
			isa = PBXFrameworksBuildPhase;
			buildActionMask = 2147483647;
			files = (
			);
			runOnlyForDeploymentPostprocessing = 0;
		};
		C33CB8A31F2DAB5A00BB1920 /* Frameworks */ = {
			isa = PBXFrameworksBuildPhase;
			buildActionMask = 2147483647;
			files = (
			);
			runOnlyForDeploymentPostprocessing = 0;
		};
/* End PBXFrameworksBuildPhase section */

/* Begin PBXGroup section */
		C33CB8791F2DAB5A00BB1920 = {
			isa = PBXGroup;
			children = (
				C33CB8841F2DAB5A00BB1920 /* sample1 */,
				C33CB89E1F2DAB5A00BB1920 /* sample1Tests */,
				C33CB8A91F2DAB5A00BB1920 /* sample1UITests */,
				C33CB8831F2DAB5A00BB1920 /* Products */,
			);
			sourceTree = "<group>";
		};
		C33CB8831F2DAB5A00BB1920 /* Products */ = {
			isa = PBXGroup;
			children = (
				C33CB8821F2DAB5A00BB1920 /* sample1.app */,
				C33CB89B1F2DAB5A00BB1920 /* sample1Tests.xctest */,
				C33CB8A61F2DAB5A00BB1920 /* sample1UITests.xctest */,
			);
			name = Products;
			sourceTree = "<group>";
		};
		C33CB8841F2DAB5A00BB1920 /* sample1 */ = {
			isa = PBXGroup;
			children = (
				C33CB8881F2DAB5A00BB1920 /* AppDelegate.h */,
				C33CB8891F2DAB5A00BB1920 /* AppDelegate.m */,
				C33CB88B1F2DAB5A00BB1920 /* ViewController.h */,
				C33CB88C1F2DAB5A00BB1920 /* ViewController.m */,
				C33CB88E1F2DAB5A00BB1920 /* Main.storyboard */,
				C33CB8911F2DAB5A00BB1920 /* Assets.xcassets */,
				C33CB8931F2DAB5A00BB1920 /* LaunchScreen.storyboard */,
				C33CB8961F2DAB5A00BB1920 /* Info.plist */,
				C33CB8851F2DAB5A00BB1920 /* Supporting Files */,
			);
			path = sample1;
			sourceTree = "<group>";
		};
		C33CB8851F2DAB5A00BB1920 /* Supporting Files */ = {
			isa = PBXGroup;
			children = (
				C33CB8861F2DAB5A00BB1920 /* main.m */,
			);
			name = "Supporting Files";
			sourceTree = "<group>";
		};
		C33CB89E1F2DAB5A00BB1920 /* sample1Tests */ = {
			isa = PBXGroup;
			children = (
				C33CB89F1F2DAB5A00BB1920 /* sample1Tests.m */,
				C33CB8A11F2DAB5A00BB1920 /* Info.plist */,
			);
			path = sample1Tests;
			sourceTree = "<group>";
		};
		C33CB8A91F2DAB5A00BB1920 /* sample1UITests */ = {
			isa = PBXGroup;
			children = (
				C33CB8AA1F2DAB5A00BB1920 /* sample1UITests.m */,
				C33CB8AC1F2DAB5A00BB1920 /* Info.plist */,
			);
			path = sample1UITests;
			sourceTree = "<group>";
		};
/* End PBXGroup section */

/* Begin PBXNativeTarget section */
		C33CB8811F2DAB5A00BB1920 /* sample1 */ = {
			isa = PBXNativeTarget;
			buildConfigurationList = C33CB8AF1F2DAB5A00BB1920 /* Build configuration list for PBXNativeTarget "sample1" */;
			buildPhases = (
				C33CB87E1F2DAB5A00BB1920 /* Sources */,
				C33CB87F1F2DAB5A00BB1920 /* Frameworks */,
				C33CB8801F2DAB5A00BB1920 /* Resources */,
			);
			buildRules = (
			);
			dependencies = (
			);
			name = sample1;
			productName = sample1;
			productReference = C33CB8821F2DAB5A00BB1920 /* sample1.app */;
			productType = "com.apple.product-type.application";
		};
		C33CB89A1F2DAB5A00BB1920 /* sample1Tests */ = {
			isa = PBXNativeTarget;
			buildConfigurationList = C33CB8B21F2DAB5A00BB1920 /* Build configuration list for PBXNativeTarget "sample1Tests" */;
			buildPhases = (
				C33CB8971F2DAB5A00BB1920 /* Sources */,
				C33CB8981F2DAB5A00BB1920 /* Frameworks */,
				C33CB8991F2DAB5A00BB1920 /* Resources */,
			);
			buildRules = (
			);
			dependencies = (
				C33CB89D1F2DAB5A00BB1920 /* PBXTargetDependency */,
			);
			name = sample1Tests;
			productName = sample1Tests;
			productReference = C33CB89B1F2DAB5A00BB1920 /* sample1Tests.xctest */;
			productType = "com.apple.product-type.bundle.unit-test";
		};
		C33CB8A51F2DAB5A00BB1920 /* sample1UITests */ = {
			isa = PBXNativeTarget;
			buildConfigurationList = C33CB8B51F2DAB5A00BB1920 /* Build configuration list for PBXNativeTarget "sample1UITests" */;
			buildPhases = (
				C33CB8A21F2DAB5A00BB1920 /* Sources */,
				C33CB8A31F2DAB5A00BB1920 /* Frameworks */,
				C33CB8A41F2DAB5A00BB1920 /* Resources */,
			);
			buildRules = (
			);
			dependencies = (
				C33CB8A81F2DAB5A00BB1920 /* PBXTargetDependency */,
			);
			name = sample1UITests;
			productName = sample1UITests;
			productReference = C33CB8A61F2DAB5A00BB1920 /* sample1UITests.xctest */;
			productType = "com.apple.product-type.bundle.ui-testing";
		};
/* End PBXNativeTarget section */

/* Begin PBXProject section */
		C33CB87A1F2DAB5A00BB1920 /* Project object */ = {
			isa = PBXProject;
			attributes = {
				LastUpgradeCheck = 0830;
				ORGANIZATIONNAME = "togashi yoshiki";
				TargetAttributes = {
					C33CB8811F2DAB5A00BB1920 = {
						CreatedOnToolsVersion = 8.3.3;
						DevelopmentTeam = A43L77VGT5;
						ProvisioningStyle = Automatic;
					};
					C33CB89A1F2DAB5A00BB1920 = {
						CreatedOnToolsVersion = 8.3.3;
						DevelopmentTeam = A43L77VGT5;
						ProvisioningStyle = Automatic;
						TestTargetID = C33CB8811F2DAB5A00BB1920;
					};
					C33CB8A51F2DAB5A00BB1920 = {
						CreatedOnToolsVersion = 8.3.3;
						DevelopmentTeam = A43L77VGT5;
						ProvisioningStyle = Automatic;
						TestTargetID = C33CB8811F2DAB5A00BB1920;
					};
				};
			};
			buildConfigurationList = C33CB87D1F2DAB5A00BB1920 /* Build configuration list for PBXProject "sample1" */;
			compatibilityVersion = "Xcode 3.2";
			developmentRegion = English;
			hasScannedForEncodings = 0;
			knownRegions = (
				en,
				Base,
			);
			mainGroup = C33CB8791F2DAB5A00BB1920;
			productRefGroup = C33CB8831F2DAB5A00BB1920 /* Products */;
			projectDirPath = "";
			projectRoot = "";
			targets = (
				C33CB8811F2DAB5A00BB1920 /* sample1 */,
				C33CB89A1F2DAB5A00BB1920 /* sample1Tests */,
				C33CB8A51F2DAB5A00BB1920 /* sample1UITests */,
			);
		};
/* End PBXProject section */

/* Begin PBXResourcesBuildPhase section */
		C33CB8801F2DAB5A00BB1920 /* Resources */ = {
			isa = PBXResourcesBuildPhase;
			buildActionMask = 2147483647;
			files = (
				C33CB8951F2DAB5A00BB1920 /* LaunchScreen.storyboard in Resources */,
				C33CB8921F2DAB5A00BB1920 /* Assets.xcassets in Resources */,
				C33CB8901F2DAB5A00BB1920 /* Main.storyboard in Resources */,
			);
			runOnlyForDeploymentPostprocessing = 0;
		};
		C33CB8991F2DAB5A00BB1920 /* Resources */ = {
			isa = PBXResourcesBuildPhase;
			buildActionMask = 2147483647;
			files = (
			);
			runOnlyForDeploymentPostprocessing = 0;
		};
		C33CB8A41F2DAB5A00BB1920 /* Resources */ = {
			isa = PBXResourcesBuildPhase;
			buildActionMask = 2147483647;
			files = (
			);
			runOnlyForDeploymentPostprocessing = 0;
		};
/* End PBXResourcesBuildPhase section */

/* Begin PBXSourcesBuildPhase section */
		C33CB87E1F2DAB5A00BB1920 /* Sources */ = {
			isa = PBXSourcesBuildPhase;
			buildActionMask = 2147483647;
			files = (
				C33CB88D1F2DAB5A00BB1920 /* ViewController.m in Sources */,
				C33CB88A1F2DAB5A00BB1920 /* AppDelegate.m in Sources */,
				C33CB8871F2DAB5A00BB1920 /* main.m in Sources */,
			);
			runOnlyForDeploymentPostprocessing = 0;
		};
		C33CB8971F2DAB5A00BB1920 /* Sources */ = {
			isa = PBXSourcesBuildPhase;
			buildActionMask = 2147483647;
			files = (
				C33CB8A01F2DAB5A00BB1920 /* sample1Tests.m in Sources */,
			);
			runOnlyForDeploymentPostprocessing = 0;
		};
		C33CB8A21F2DAB5A00BB1920 /* Sources */ = {
			isa = PBXSourcesBuildPhase;
			buildActionMask = 2147483647;
			files = (
				C33CB8AB1F2DAB5A00BB1920 /* sample1UITests.m in Sources */,
			);
			runOnlyForDeploymentPostprocessing = 0;
		};
/* End PBXSourcesBuildPhase section */

/* Begin PBXTargetDependency section */
		C33CB89D1F2DAB5A00BB1920 /* PBXTargetDependency */ = {
			isa = PBXTargetDependency;
			target = C33CB8811F2DAB5A00BB1920 /* sample1 */;
			targetProxy = C33CB89C1F2DAB5A00BB1920 /* PBXContainerItemProxy */;
		};
		C33CB8A81F2DAB5A00BB1920 /* PBXTargetDependency */ = {
			isa = PBXTargetDependency;
			target = C33CB8811F2DAB5A00BB1920 /* sample1 */;
			targetProxy = C33CB8A71F2DAB5A00BB1920 /* PBXContainerItemProxy */;
		};
/* End PBXTargetDependency section */

/* Begin PBXVariantGroup section */
		C33CB88E1F2DAB5A00BB1920 /* Main.storyboard */ = {
			isa = PBXVariantGroup;
			children = (
				C33CB88F1F2DAB5A00BB1920 /* Base */,
			);
			name = Main.storyboard;
			sourceTree = "<group>";
		};
		C33CB8931F2DAB5A00BB1920 /* LaunchScreen.storyboard */ = {
			isa = PBXVariantGroup;
			children = (
				C33CB8941F2DAB5A00BB1920 /* Base */,
			);
			name = LaunchScreen.storyboard;
			sourceTree = "<group>";
		};
/* End PBXVariantGroup section */

/* Begin XCBuildConfiguration section */
		C33CB8AD1F2DAB5A00BB1920 /* Debug */ = {
			isa = XCBuildConfiguration;
			buildSettings = {
				ALWAYS_SEARCH_USER_PATHS = NO;
				CLANG_ANALYZER_NONNULL = YES;
				CLANG_ANALYZER_NUMBER_OBJECT_CONVERSION = YES_AGGRESSIVE;
				CLANG_CXX_LANGUAGE_STANDARD = "gnu++0x";
				CLANG_CXX_LIBRARY = "libc++";
				CLANG_ENABLE_MODULES = YES;
				CLANG_ENABLE_OBJC_ARC = YES;
				CLANG_WARN_BOOL_CONVERSION = YES;
				CLANG_WARN_CONSTANT_CONVERSION = YES;
				CLANG_WARN_DIRECT_OBJC_ISA_USAGE = YES_ERROR;
				CLANG_WARN_DOCUMENTATION_COMMENTS = YES;
				CLANG_WARN_EMPTY_BODY = YES;
				CLANG_WARN_ENUM_CONVERSION = YES;
				CLANG_WARN_INFINITE_RECURSION = YES;
				CLANG_WARN_INT_CONVERSION = YES;
				CLANG_WARN_OBJC_ROOT_CLASS = YES_ERROR;
				CLANG_WARN_SUSPICIOUS_MOVE = YES;
				CLANG_WARN_UNREACHABLE_CODE = YES;
				CLANG_WARN__DUPLICATE_METHOD_MATCH = YES;
				"CODE_SIGN_IDENTITY[sdk=iphoneos*]" = "iPhone Developer";
				COPY_PHASE_STRIP = NO;
				DEBUG_INFORMATION_FORMAT = dwarf;
				ENABLE_STRICT_OBJC_MSGSEND = YES;
				ENABLE_TESTABILITY = YES;
				GCC_C_LANGUAGE_STANDARD = gnu99;
				GCC_DYNAMIC_NO_PIC = NO;
				GCC_NO_COMMON_BLOCKS = YES;
				GCC_OPTIMIZATION_LEVEL = 0;
				GCC_PREPROCESSOR_DEFINITIONS = (
					"DEBUG=1",
					"$(inherited)",
				);
				GCC_WARN_64_TO_32_BIT_CONVERSION = YES;
				GCC_WARN_ABOUT_RETURN_TYPE = YES_ERROR;
				GCC_WARN_UNDECLARED_SELECTOR = YES;
				GCC_WARN_UNINITIALIZED_AUTOS = YES_AGGRESSIVE;
				GCC_WARN_UNUSED_FUNCTION = YES;
				GCC_WARN_UNUSED_VARIABLE = YES;
				IPHONEOS_DEPLOYMENT_TARGET = 10.3;
				MTL_ENABLE_DEBUG_INFO = YES;
				ONLY_ACTIVE_ARCH = YES;
				SDKROOT = iphoneos;
				TARGETED_DEVICE_FAMILY = "1,2";
			};
			name = Debug;
		};
		C33CB8AE1F2DAB5A00BB1920 /* Release */ = {
			isa = XCBuildConfiguration;
			buildSettings = {
				ALWAYS_SEARCH_USER_PATHS = NO;
				CLANG_ANALYZER_NONNULL = YES;
				CLANG_ANALYZER_NUMBER_OBJECT_CONVERSION = YES_AGGRESSIVE;
				CLANG_CXX_LANGUAGE_STANDARD = "gnu++0x";
				CLANG_CXX_LIBRARY = "libc++";
				CLANG_ENABLE_MODULES = YES;
				CLANG_ENABLE_OBJC_ARC = YES;
				CLANG_WARN_BOOL_CONVERSION = YES;
				CLANG_WARN_CONSTANT_CONVERSION = YES;
				CLANG_WARN_DIRECT_OBJC_ISA_USAGE = YES_ERROR;
				CLANG_WARN_DOCUMENTATION_COMMENTS = YES;
				CLANG_WARN_EMPTY_BODY = YES;
				CLANG_WARN_ENUM_CONVERSION = YES;
				CLANG_WARN_INFINITE_RECURSION = YES;
				CLANG_WARN_INT_CONVERSION = YES;
				CLANG_WARN_OBJC_ROOT_CLASS = YES_ERROR;
				CLANG_WARN_SUSPICIOUS_MOVE = YES;
				CLANG_WARN_UNREACHABLE_CODE = YES;
				CLANG_WARN__DUPLICATE_METHOD_MATCH = YES;
				"CODE_SIGN_IDENTITY[sdk=iphoneos*]" = "iPhone Developer";
				COPY_PHASE_STRIP = NO;
				DEBUG_INFORMATION_FORMAT = "dwarf-with-dsym";
				ENABLE_NS_ASSERTIONS = NO;
				ENABLE_STRICT_OBJC_MSGSEND = YES;
				GCC_C_LANGUAGE_STANDARD = gnu99;
				GCC_NO_COMMON_BLOCKS = YES;
				GCC_WARN_64_TO_32_BIT_CONVERSION = YES;
				GCC_WARN_ABOUT_RETURN_TYPE = YES_ERROR;
				GCC_WARN_UNDECLARED_SELECTOR = YES;
				GCC_WARN_UNINITIALIZED_AUTOS = YES_AGGRESSIVE;
				GCC_WARN_UNUSED_FUNCTION = YES;
				GCC_WARN_UNUSED_VARIABLE = YES;
				IPHONEOS_DEPLOYMENT_TARGET = 10.3;
				MTL_ENABLE_DEBUG_INFO = NO;
				SDKROOT = iphoneos;
				TARGETED_DEVICE_FAMILY = "1,2";
				VALIDATE_PRODUCT = YES;
			};
			name = Release;
		};
		C33CB8B01F2DAB5A00BB1920 /* Debug */ = {
			isa = XCBuildConfiguration;
			buildSettings = {
				ASSETCATALOG_COMPILER_APPICON_NAME = AppIcon;
				DEVELOPMENT_TEAM = A43L77VGT5;
				INFOPLIST_FILE = sample1/Info.plist;
				LD_RUNPATH_SEARCH_PATHS = "$(inherited) @executable_path/Frameworks";
				PRODUCT_BUNDLE_IDENTIFIER = com.sample.sample1;
				PRODUCT_NAME = "$(TARGET_NAME)";
			};
			name = Debug;
		};
		C33CB8B11F2DAB5A00BB1920 /* Release */ = {
			isa = XCBuildConfiguration;
			buildSettings = {
				ASSETCATALOG_COMPILER_APPICON_NAME = AppIcon;
				DEVELOPMENT_TEAM = A43L77VGT5;
				INFOPLIST_FILE = sample1/Info.plist;
				LD_RUNPATH_SEARCH_PATHS = "$(inherited) @executable_path/Frameworks";
				PRODUCT_BUNDLE_IDENTIFIER = com.sample.sample1;
				PRODUCT_NAME = "$(TARGET_NAME)";
			};
			name = Release;
		};
		C33CB8B31F2DAB5A00BB1920 /* Debug */ = {
			isa = XCBuildConfiguration;
			buildSettings = {
				BUNDLE_LOADER = "$(TEST_HOST)";
				DEVELOPMENT_TEAM = A43L77VGT5;
				INFOPLIST_FILE = sample1Tests/Info.plist;
				LD_RUNPATH_SEARCH_PATHS = "$(inherited) @executable_path/Frameworks @loader_path/Frameworks";
				PRODUCT_BUNDLE_IDENTIFIER = com.sample.sample1Tests;
				PRODUCT_NAME = "$(TARGET_NAME)";
				TEST_HOST = "$(BUILT_PRODUCTS_DIR)/sample1.app/sample1";
			};
			name = Debug;
		};
		C33CB8B41F2DAB5A00BB1920 /* Release */ = {
			isa = XCBuildConfiguration;
			buildSettings = {
				BUNDLE_LOADER = "$(TEST_HOST)";
				DEVELOPMENT_TEAM = A43L77VGT5;
				INFOPLIST_FILE = sample1Tests/Info.plist;
				LD_RUNPATH_SEARCH_PATHS = "$(inherited) @executable_path/Frameworks @loader_path/Frameworks";
				PRODUCT_BUNDLE_IDENTIFIER = com.sample.sample1Tests;
				PRODUCT_NAME = "$(TARGET_NAME)";
				TEST_HOST = "$(BUILT_PRODUCTS_DIR)/sample1.app/sample1";
			};
			name = Release;
		};
		C33CB8B61F2DAB5A00BB1920 /* Debug */ = {
			isa = XCBuildConfiguration;
			buildSettings = {
				DEVELOPMENT_TEAM = A43L77VGT5;
				INFOPLIST_FILE = sample1UITests/Info.plist;
				LD_RUNPATH_SEARCH_PATHS = "$(inherited) @executable_path/Frameworks @loader_path/Frameworks";
				PRODUCT_BUNDLE_IDENTIFIER = com.sample.sample1UITests;
				PRODUCT_NAME = "$(TARGET_NAME)";
				TEST_TARGET_NAME = sample1;
			};
			name = Debug;
		};
		C33CB8B71F2DAB5A00BB1920 /* Release */ = {
			isa = XCBuildConfiguration;
			buildSettings = {
				DEVELOPMENT_TEAM = A43L77VGT5;
				INFOPLIST_FILE = sample1UITests/Info.plist;
				LD_RUNPATH_SEARCH_PATHS = "$(inherited) @executable_path/Frameworks @loader_path/Frameworks";
				PRODUCT_BUNDLE_IDENTIFIER = com.sample.sample1UITests;
				PRODUCT_NAME = "$(TARGET_NAME)";
				TEST_TARGET_NAME = sample1;
			};
			name = Release;
		};
/* End XCBuildConfiguration section */

/* Begin XCConfigurationList section */
		C33CB87D1F2DAB5A00BB1920 /* Build configuration list for PBXProject "sample1" */ = {
			isa = XCConfigurationList;
			buildConfigurations = (
				C33CB8AD1F2DAB5A00BB1920 /* Debug */,
				C33CB8AE1F2DAB5A00BB1920 /* Release */,
			);
			defaultConfigurationIsVisible = 0;
			defaultConfigurationName = Release;
		};
		C33CB8AF1F2DAB5A00BB1920 /* Build configuration list for PBXNativeTarget "sample1" */ = {
			isa = XCConfigurationList;
			buildConfigurations = (
				C33CB8B01F2DAB5A00BB1920 /* Debug */,
				C33CB8B11F2DAB5A00BB1920 /* Release */,
			);
			defaultConfigurationIsVisible = 0;
		};
		C33CB8B21F2DAB5A00BB1920 /* Build configuration list for PBXNativeTarget "sample1Tests" */ = {
			isa = XCConfigurationList;
			buildConfigurations = (
				C33CB8B31F2DAB5A00BB1920 /* Debug */,
				C33CB8B41F2DAB5A00BB1920 /* Release */,
			);
			defaultConfigurationIsVisible = 0;
		};
		C33CB8B51F2DAB5A00BB1920 /* Build configuration list for PBXNativeTarget "sample1UITests" */ = {
			isa = XCConfigurationList;
			buildConfigurations = (
				C33CB8B61F2DAB5A00BB1920 /* Debug */,
				C33CB8B71F2DAB5A00BB1920 /* Release */,
			);
			defaultConfigurationIsVisible = 0;
		};
/* End XCConfigurationList section */
	};
	rootObject = C33CB87A1F2DAB5A00BB1920 /* Project object */;
}
